
Microsoft Visual Studio Solution File, Format Version 12.00
# Visual Studio Version 17
VisualStudioVersion = 17.8.34525.116
MinimumVisualStudioVersion = 10.0.40219.1
Project("{9092AA53-FB77-4645-B42D-1CCCA6BD08BD}") = "NodejsConsoleApp2", "NodejsConsoleApp2\NodejsConsoleApp2.njsproj", "{60BAFC0B-8ECF-429F-B979-5F7963692F62}"
EndProject
Global
	GlobalSection(SolutionConfigurationPlatforms) = preSolution
		Debug|Any CPU = Debug|Any CPU
		Release|Any CPU = Release|Any CPU
	EndGlobalSection
	GlobalSection(ProjectConfigurationPlatforms) = postSolution
		{60BAFC0B-8ECF-429F-B979-5F7963692F62}.Debug|Any CPU.ActiveCfg = Debug|Any CPU
		{60BAFC0B-8ECF-429F-B979-5F7963692F62}.Debug|Any CPU.Build.0 = Debug|Any CPU
		{60BAFC0B-8ECF-429F-B979-5F7963692F62}.Release|Any CPU.ActiveCfg = Release|Any CPU
		{60BAFC0B-8ECF-429F-B979-5F7963692F62}.Release|Any CPU.Build.0 = Release|Any CPU
	EndGlobalSection
	GlobalSection(SolutionProperties) = preSolution
		HideSolutionNode = FALSE
	EndGlobalSection
	GlobalSection(ExtensibilityGlobals) = postSolution
		SolutionGuid = {FC26F866-FDE1-4589-86E1-8C512F8065A5}
	EndGlobalSection
EndGlobal
